
Microsoft Visual Studio Solution File, Format Version 12.00
# Visual Studio Version 17
VisualStudioVersion = 17.12.35707.178 d17.12
MinimumVisualStudioVersion = 10.0.40219.1
Project("{FAE04EC0-301F-11D3-BF4B-00C04F79EFBC}") = "FIleSharing.FileClient", "FIleSharing.FileClient.csproj", "{AC8ECF0A-2989-4479-B800-4C9A1C36E237}"
EndProject
Global
	GlobalSection(SolutionConfigurationPlatforms) = preSolution
		Debug|Any CPU = Debug|Any CPU
		Release|Any CPU = Release|Any CPU
	EndGlobalSection
	GlobalSection(ProjectConfigurationPlatforms) = postSolution
		{AC8ECF0A-2989-4479-B800-4C9A1C36E237}.Debug|Any CPU.ActiveCfg = Debug|Any CPU
		{AC8ECF0A-2989-4479-B800-4C9A1C36E237}.Debug|Any CPU.Build.0 = Debug|Any CPU
		{AC8ECF0A-2989-4479-B800-4C9A1C36E237}.Release|Any CPU.ActiveCfg = Release|Any CPU
		{AC8ECF0A-2989-4479-B800-4C9A1C36E237}.Release|Any CPU.Build.0 = Release|Any CPU
	EndGlobalSection
	GlobalSection(SolutionProperties) = preSolution
		HideSolutionNode = FALSE
	EndGlobalSection
EndGlobal
